
Microsoft Visual Studio Solution File, Format Version 12.00
# Visual Studio 15
VisualStudioVersion = 15.0.26730.16
MinimumVisualStudioVersion = 10.0.40219.1
Project("{FAE04EC0-301F-11D3-BF4B-00C04F79EFBC}") = "Presentation", "Presentation.csproj", "{7D890650-10BD-48BE-B7A5-9C1F9587968E}"
EndProject
Project("{FAE04EC0-301F-11D3-BF4B-00C04F79EFBC}") = "Logics", "Logics\Logics.csproj", "{2833C9E2-036D-46F6-B222-0B9903553D82}"
EndProject
Project("{FAE04EC0-301F-11D3-BF4B-00C04F79EFBC}") = "DataAccess", "DataAccess\DataAccess.csproj", "{67F171D0-775B-4C73-8414-7FB9DE6B122A}"
EndProject
Global
	GlobalSection(SolutionConfigurationPlatforms) = preSolution
		Debug|Any CPU = Debug|Any CPU
		Release|Any CPU = Release|Any CPU
	EndGlobalSection
	GlobalSection(ProjectConfigurationPlatforms) = postSolution
		{7D890650-10BD-48BE-B7A5-9C1F9587968E}.Debug|Any CPU.ActiveCfg = Debug|Any CPU
		{7D890650-10BD-48BE-B7A5-9C1F9587968E}.Debug|Any CPU.Build.0 = Debug|Any CPU
		{7D890650-10BD-48BE-B7A5-9C1F9587968E}.Release|Any CPU.ActiveCfg = Release|Any CPU
		{7D890650-10BD-48BE-B7A5-9C1F9587968E}.Release|Any CPU.Build.0 = Release|Any CPU
		{2833C9E2-036D-46F6-B222-0B9903553D82}.Debug|Any CPU.ActiveCfg = Debug|Any CPU
		{2833C9E2-036D-46F6-B222-0B9903553D82}.Debug|Any CPU.Build.0 = Debug|Any CPU
		{2833C9E2-036D-46F6-B222-0B9903553D82}.Release|Any CPU.ActiveCfg = Release|Any CPU
		{2833C9E2-036D-46F6-B222-0B9903553D82}.Release|Any CPU.Build.0 = Release|Any CPU
		{67F171D0-775B-4C73-8414-7FB9DE6B122A}.Debug|Any CPU.ActiveCfg = Debug|Any CPU
		{67F171D0-775B-4C73-8414-7FB9DE6B122A}.Debug|Any CPU.Build.0 = Debug|Any CPU
		{67F171D0-775B-4C73-8414-7FB9DE6B122A}.Release|Any CPU.ActiveCfg = Release|Any CPU
		{67F171D0-775B-4C73-8414-7FB9DE6B122A}.Release|Any CPU.Build.0 = Release|Any CPU
	EndGlobalSection
	GlobalSection(SolutionProperties) = preSolution
		HideSolutionNode = FALSE
	EndGlobalSection
	GlobalSection(ExtensibilityGlobals) = postSolution
		SolutionGuid = {404DFC13-549A-4BF2-A8C8-0978C42939C6}
	EndGlobalSection
EndGlobal
